
Microsoft Visual Studio Solution File, Format Version 12.00
# Visual Studio Version 17
VisualStudioVersion = 17.10.35122.118
MinimumVisualStudioVersion = 10.0.40219.1
Project("{FAE04EC0-301F-11D3-BF4B-00C04F79EFBC}") = "Tarea_de_MVC", "Tarea_de_MVC\Tarea_de_MVC.csproj", "{17C16032-5CD8-47DA-A0EA-3432DE1E731E}"
EndProject
Global
	GlobalSection(SolutionConfigurationPlatforms) = preSolution
		Debug|Any CPU = Debug|Any CPU
		Release|Any CPU = Release|Any CPU
	EndGlobalSection
	GlobalSection(ProjectConfigurationPlatforms) = postSolution
		{17C16032-5CD8-47DA-A0EA-3432DE1E731E}.Debug|Any CPU.ActiveCfg = Debug|Any CPU
		{17C16032-5CD8-47DA-A0EA-3432DE1E731E}.Debug|Any CPU.Build.0 = Debug|Any CPU
		{17C16032-5CD8-47DA-A0EA-3432DE1E731E}.Release|Any CPU.ActiveCfg = Release|Any CPU
		{17C16032-5CD8-47DA-A0EA-3432DE1E731E}.Release|Any CPU.Build.0 = Release|Any CPU
	EndGlobalSection
	GlobalSection(SolutionProperties) = preSolution
		HideSolutionNode = FALSE
	EndGlobalSection
	GlobalSection(ExtensibilityGlobals) = postSolution
		SolutionGuid = {69E48840-7A9C-4AA0-BBF4-51DB0287EFD2}
	EndGlobalSection
EndGlobal
